
Microsoft Visual Studio Solution File, Format Version 12.00
# Visual Studio Version 16
VisualStudioVersion = 16.0.30225.117
MinimumVisualStudioVersion = 10.0.40219.1
Project("{FAE04EC0-301F-11D3-BF4B-00C04F79EFBC}") = "REST-ef", "REST-ef.csproj", "{2AEA6C0A-D6C4-43EC-8099-A6B3304CC198}"
EndProject
Global
	GlobalSection(SolutionConfigurationPlatforms) = preSolution
		Debug|Any CPU = Debug|Any CPU
		Release|Any CPU = Release|Any CPU
	EndGlobalSection
	GlobalSection(ProjectConfigurationPlatforms) = postSolution
		{2AEA6C0A-D6C4-43EC-8099-A6B3304CC198}.Debug|Any CPU.ActiveCfg = Debug|Any CPU
		{2AEA6C0A-D6C4-43EC-8099-A6B3304CC198}.Debug|Any CPU.Build.0 = Debug|Any CPU
		{2AEA6C0A-D6C4-43EC-8099-A6B3304CC198}.Release|Any CPU.ActiveCfg = Release|Any CPU
		{2AEA6C0A-D6C4-43EC-8099-A6B3304CC198}.Release|Any CPU.Build.0 = Release|Any CPU
	EndGlobalSection
	GlobalSection(SolutionProperties) = preSolution
		HideSolutionNode = FALSE
	EndGlobalSection
	GlobalSection(ExtensibilityGlobals) = postSolution
		SolutionGuid = {C49A68BF-87C9-4CA0-914D-3946A90C8A36}
	EndGlobalSection
EndGlobal
